// !$*UTF8*$!
{
	archiveVersion = 1;
	classes = {
	};
	objectVersion = 50;
	objects = {

/* Begin PBXBuildFile section */
		E41F3A2423CFD7D000A73A5D /* AppDelegate.swift in Sources */ = {isa = PBXBuildFile; fileRef = E41F3A2323CFD7D000A73A5D /* AppDelegate.swift */; };
		E41F3A2623CFD7D000A73A5D /* SceneDelegate.swift in Sources */ = {isa = PBXBuildFile; fileRef = E41F3A2523CFD7D000A73A5D /* SceneDelegate.swift */; };
		E41F3A2823CFD7D000A73A5D /* ViewController.swift in Sources */ = {isa = PBXBuildFile; fileRef = E41F3A2723CFD7D000A73A5D /* ViewController.swift */; };
		E41F3A2B23CFD7D000A73A5D /* Main.storyboard in Resources */ = {isa = PBXBuildFile; fileRef = E41F3A2923CFD7D000A73A5D /* Main.storyboard */; };
		E41F3A2D23CFD7D300A73A5D /* Assets.xcassets in Resources */ = {isa = PBXBuildFile; fileRef = E41F3A2C23CFD7D300A73A5D /* Assets.xcassets */; };
		E41F3A3023CFD7D300A73A5D /* LaunchScreen.storyboard in Resources */ = {isa = PBXBuildFile; fileRef = E41F3A2E23CFD7D300A73A5D /* LaunchScreen.storyboard */; };
		E41F3A3B23CFD7D300A73A5D /* TipCalcTests.swift in Sources */ = {isa = PBXBuildFile; fileRef = E41F3A3A23CFD7D300A73A5D /* TipCalcTests.swift */; };
		E41F3A4623CFD7D300A73A5D /* TipCalcUITests.swift in Sources */ = {isa = PBXBuildFile; fileRef = E41F3A4523CFD7D300A73A5D /* TipCalcUITests.swift */; };
/* End PBXBuildFile section */

/* Begin PBXContainerItemProxy section */
		E41F3A3723CFD7D300A73A5D /* PBXContainerItemProxy */ = {
			isa = PBXContainerItemProxy;
			containerPortal = E41F3A1823CFD7D000A73A5D /* Project object */;
			proxyType = 1;
			remoteGlobalIDString = E41F3A1F23CFD7D000A73A5D;
			remoteInfo = TipCalc;
		};
		E41F3A4223CFD7D300A73A5D /* PBXContainerItemProxy */ = {
			isa = PBXContainerItemProxy;
			containerPortal = E41F3A1823CFD7D000A73A5D /* Project object */;
			proxyType = 1;
			remoteGlobalIDString = E41F3A1F23CFD7D000A73A5D;
			remoteInfo = TipCalc;
		};
/* End PBXContainerItemProxy section */

/* Begin PBXFileReference section */
		E41F3A2023CFD7D000A73A5D /* TipCalc.app */ = {isa = PBXFileReference; explicitFileType = wrapper.application; includeInIndex = 0; path = TipCalc.app; sourceTree = BUILT_PRODUCTS_DIR; };
		E41F3A2323CFD7D000A73A5D /* AppDelegate.swift */ = {isa = PBXFileReference; lastKnownFileType = sourcecode.swift; path = AppDelegate.swift; sourceTree = "<group>"; };
		E41F3A2523CFD7D000A73A5D /* SceneDelegate.swift */ = {isa = PBXFileReference; lastKnownFileType = sourcecode.swift; path = SceneDelegate.swift; sourceTree = "<group>"; };
		E41F3A2723CFD7D000A73A5D /* ViewController.swift */ = {isa = PBXFileReference; lastKnownFileType = sourcecode.swift; path = ViewController.swift; sourceTree = "<group>"; };
		E41F3A2A23CFD7D000A73A5D /* Base */ = {isa = PBXFileReference; lastKnownFileType = file.storyboard; name = Base; path = Base.lproj/Main.storyboard; sourceTree = "<group>"; };
		E41F3A2C23CFD7D300A73A5D /* Assets.xcassets */ = {isa = PBXFileReference; lastKnownFileType = folder.assetcatalog; path = Assets.xcassets; sourceTree = "<group>"; };
		E41F3A2F23CFD7D300A73A5D /* Base */ = {isa = PBXFileReference; lastKnownFileType = file.storyboard; name = Base; path = Base.lproj/LaunchScreen.storyboard; sourceTree = "<group>"; };
		E41F3A3123CFD7D300A73A5D /* Info.plist */ = {isa = PBXFileReference; lastKnownFileType = text.plist.xml; path = Info.plist; sourceTree = "<group>"; };
		E41F3A3623CFD7D300A73A5D /* TipCalcTests.xctest */ = {isa = PBXFileReference; explicitFileType = wrapper.cfbundle; includeInIndex = 0; path = TipCalcTests.xctest; sourceTree = BUILT_PRODUCTS_DIR; };
		E41F3A3A23CFD7D300A73A5D /* TipCalcTests.swift */ = {isa = PBXFileReference; lastKnownFileType = sourcecode.swift; path = TipCalcTests.swift; sourceTree = "<group>"; };
		E41F3A3C23CFD7D300A73A5D /* Info.plist */ = {isa = PBXFileReference; lastKnownFileType = text.plist.xml; path = Info.plist; sourceTree = "<group>"; };
		E41F3A4123CFD7D300A73A5D /* TipCalcUITests.xctest */ = {isa = PBXFileReference; explicitFileType = wrapper.cfbundle; includeInIndex = 0; path = TipCalcUITests.xctest; sourceTree = BUILT_PRODUCTS_DIR; };
		E41F3A4523CFD7D300A73A5D /* TipCalcUITests.swift */ = {isa = PBXFileReference; lastKnownFileType = sourcecode.swift; path = TipCalcUITests.swift; sourceTree = "<group>"; };
		E41F3A4723CFD7D300A73A5D /* Info.plist */ = {isa = PBXFileReference; lastKnownFileType = text.plist.xml; path = Info.plist; sourceTree = "<group>"; };
		E41F3A5323CFD7E300A73A5D /* TipCalc.entitlements */ = {isa = PBXFileReference; lastKnownFileType = text.plist.entitlements; path = TipCalc.entitlements; sourceTree = "<group>"; };
/* End PBXFileReference section */

/* Begin PBXFrameworksBuildPhase section */
		E41F3A1D23CFD7D000A73A5D /* Frameworks */ = {
			isa = PBXFrameworksBuildPhase;
			buildActionMask = 2147483647;
			files = (
			);
			runOnlyForDeploymentPostprocessing = 0;
		};
		E41F3A3323CFD7D300A73A5D /* Frameworks */ = {
			isa = PBXFrameworksBuildPhase;
			buildActionMask = 2147483647;
			files = (
			);
			runOnlyForDeploymentPostprocessing = 0;
		};
		E41F3A3E23CFD7D300A73A5D /* Frameworks */ = {
			isa = PBXFrameworksBuildPhase;
			buildActionMask = 2147483647;
			files = (
			);
			runOnlyForDeploymentPostprocessing = 0;
		};
/* End PBXFrameworksBuildPhase section */

/* Begin PBXGroup section */
		E41F3A1723CFD7D000A73A5D = {
			isa = PBXGroup;
			children = (
				E41F3A2223CFD7D000A73A5D /* TipCalc */,
				E41F3A3923CFD7D300A73A5D /* TipCalcTests */,
				E41F3A4423CFD7D300A73A5D /* TipCalcUITests */,
				E41F3A2123CFD7D000A73A5D /* Products */,
			);
			sourceTree = "<group>";
		};
		E41F3A2123CFD7D000A73A5D /* Products */ = {
			isa = PBXGroup;
			children = (
				E41F3A2023CFD7D000A73A5D /* TipCalc.app */,
				E41F3A3623CFD7D300A73A5D /* TipCalcTests.xctest */,
				E41F3A4123CFD7D300A73A5D /* TipCalcUITests.xctest */,
			);
			name = Products;
			sourceTree = "<group>";
		};
		E41F3A2223CFD7D000A73A5D /* TipCalc */ = {
			isa = PBXGroup;
			children = (
				E41F3A5323CFD7E300A73A5D /* TipCalc.entitlements */,
				E41F3A2323CFD7D000A73A5D /* AppDelegate.swift */,
				E41F3A2523CFD7D000A73A5D /* SceneDelegate.swift */,
				E41F3A2723CFD7D000A73A5D /* ViewController.swift */,
				E41F3A2923CFD7D000A73A5D /* Main.storyboard */,
				E41F3A2C23CFD7D300A73A5D /* Assets.xcassets */,
				E41F3A2E23CFD7D300A73A5D /* LaunchScreen.storyboard */,
				E41F3A3123CFD7D300A73A5D /* Info.plist */,
			);
			path = TipCalc;
			sourceTree = "<group>";
		};
		E41F3A3923CFD7D300A73A5D /* TipCalcTests */ = {
			isa = PBXGroup;
			children = (
				E41F3A3A23CFD7D300A73A5D /* TipCalcTests.swift */,
				E41F3A3C23CFD7D300A73A5D /* Info.plist */,
			);
			path = TipCalcTests;
			sourceTree = "<group>";
		};
		E41F3A4423CFD7D300A73A5D /* TipCalcUITests */ = {
			isa = PBXGroup;
			children = (
				E41F3A4523CFD7D300A73A5D /* TipCalcUITests.swift */,
				E41F3A4723CFD7D300A73A5D /* Info.plist */,
			);
			path = TipCalcUITests;
			sourceTree = "<group>";
		};
/* End PBXGroup section */

/* Begin PBXNativeTarget section */
		E41F3A1F23CFD7D000A73A5D /* TipCalc */ = {
			isa = PBXNativeTarget;
			buildConfigurationList = E41F3A4A23CFD7D300A73A5D /* Build configuration list for PBXNativeTarget "TipCalc" */;
			buildPhases = (
				E41F3A1C23CFD7D000A73A5D /* Sources */,
				E41F3A1D23CFD7D000A73A5D /* Frameworks */,
				E41F3A1E23CFD7D000A73A5D /* Resources */,
			);
			buildRules = (
			);
			dependencies = (
			);
			name = TipCalc;
			productName = TipCalc;
			productReference = E41F3A2023CFD7D000A73A5D /* TipCalc.app */;
			productType = "com.apple.product-type.application";
		};
		E41F3A3523CFD7D300A73A5D /* TipCalcTests */ = {
			isa = PBXNativeTarget;
			buildConfigurationList = E41F3A4D23CFD7D300A73A5D /* Build configuration list for PBXNativeTarget "TipCalcTests" */;
			buildPhases = (
				E41F3A3223CFD7D300A73A5D /* Sources */,
				E41F3A3323CFD7D300A73A5D /* Frameworks */,
				E41F3A3423CFD7D300A73A5D /* Resources */,
			);
			buildRules = (
			);
			dependencies = (
				E41F3A3823CFD7D300A73A5D /* PBXTargetDependency */,
			);
			name = TipCalcTests;
			productName = TipCalcTests;
			productReference = E41F3A3623CFD7D300A73A5D /* TipCalcTests.xctest */;
			productType = "com.apple.product-type.bundle.unit-test";
		};
		E41F3A4023CFD7D300A73A5D /* TipCalcUITests */ = {
			isa = PBXNativeTarget;
			buildConfigurationList = E41F3A5023CFD7D300A73A5D /* Build configuration list for PBXNativeTarget "TipCalcUITests" */;
			buildPhases = (
				E41F3A3D23CFD7D300A73A5D /* Sources */,
				E41F3A3E23CFD7D300A73A5D /* Frameworks */,
				E41F3A3F23CFD7D300A73A5D /* Resources */,
			);
			buildRules = (
			);
			dependencies = (
				E41F3A4323CFD7D300A73A5D /* PBXTargetDependency */,
			);
			name = TipCalcUITests;
			productName = TipCalcUITests;
			productReference = E41F3A4123CFD7D300A73A5D /* TipCalcUITests.xctest */;
			productType = "com.apple.product-type.bundle.ui-testing";
		};
/* End PBXNativeTarget section */

/* Begin PBXProject section */
		E41F3A1823CFD7D000A73A5D /* Project object */ = {
			isa = PBXProject;
			attributes = {
				LastSwiftUpdateCheck = 1130;
				LastUpgradeCheck = 1130;
				ORGANIZATIONNAME = "Kedar Abhyankar";
				TargetAttributes = {
					E41F3A1F23CFD7D000A73A5D = {
						CreatedOnToolsVersion = 11.3;
					};
					E41F3A3523CFD7D300A73A5D = {
						CreatedOnToolsVersion = 11.3;
						TestTargetID = E41F3A1F23CFD7D000A73A5D;
					};
					E41F3A4023CFD7D300A73A5D = {
						CreatedOnToolsVersion = 11.3;
						TestTargetID = E41F3A1F23CFD7D000A73A5D;
					};
				};
			};
			buildConfigurationList = E41F3A1B23CFD7D000A73A5D /* Build configuration list for PBXProject "TipCalc" */;
			compatibilityVersion = "Xcode 9.3";
			developmentRegion = en;
			hasScannedForEncodings = 0;
			knownRegions = (
				en,
				Base,
			);
			mainGroup = E41F3A1723CFD7D000A73A5D;
			productRefGroup = E41F3A2123CFD7D000A73A5D /* Products */;
			projectDirPath = "";
			projectRoot = "";
			targets = (
				E41F3A1F23CFD7D000A73A5D /* TipCalc */,
				E41F3A3523CFD7D300A73A5D /* TipCalcTests */,
				E41F3A4023CFD7D300A73A5D /* TipCalcUITests */,
			);
		};
/* End PBXProject section */

/* Begin PBXResourcesBuildPhase section */
		E41F3A1E23CFD7D000A73A5D /* Resources */ = {
			isa = PBXResourcesBuildPhase;
			buildActionMask = 2147483647;
			files = (
				E41F3A3023CFD7D300A73A5D /* LaunchScreen.storyboard in Resources */,
				E41F3A2D23CFD7D300A73A5D /* Assets.xcassets in Resources */,
				E41F3A2B23CFD7D000A73A5D /* Main.storyboard in Resources */,
			);
			runOnlyForDeploymentPostprocessing = 0;
		};
		E41F3A3423CFD7D300A73A5D /* Resources */ = {
			isa = PBXResourcesBuildPhase;
			buildActionMask = 2147483647;
			files = (
			);
			runOnlyForDeploymentPostprocessing = 0;
		};
		E41F3A3F23CFD7D300A73A5D /* Resources */ = {
			isa = PBXResourcesBuildPhase;
			buildActionMask = 2147483647;
			files = (
			);
			runOnlyForDeploymentPostprocessing = 0;
		};
/* End PBXResourcesBuildPhase section */

/* Begin PBXSourcesBuildPhase section */
		E41F3A1C23CFD7D000A73A5D /* Sources */ = {
			isa = PBXSourcesBuildPhase;
			buildActionMask = 2147483647;
			files = (
				E41F3A2823CFD7D000A73A5D /* ViewController.swift in Sources */,
				E41F3A2423CFD7D000A73A5D /* AppDelegate.swift in Sources */,
				E41F3A2623CFD7D000A73A5D /* SceneDelegate.swift in Sources */,
			);
			runOnlyForDeploymentPostprocessing = 0;
		};
		E41F3A3223CFD7D300A73A5D /* Sources */ = {
			isa = PBXSourcesBuildPhase;
			buildActionMask = 2147483647;
			files = (
				E41F3A3B23CFD7D300A73A5D /* TipCalcTests.swift in Sources */,
			);
			runOnlyForDeploymentPostprocessing = 0;
		};
		E41F3A3D23CFD7D300A73A5D /* Sources */ = {
			isa = PBXSourcesBuildPhase;
			buildActionMask = 2147483647;
			files = (
				E41F3A4623CFD7D300A73A5D /* TipCalcUITests.swift in Sources */,
			);
			runOnlyForDeploymentPostprocessing = 0;
		};
/* End PBXSourcesBuildPhase section */

/* Begin PBXTargetDependency section */
		E41F3A3823CFD7D300A73A5D /* PBXTargetDependency */ = {
			isa = PBXTargetDependency;
			target = E41F3A1F23CFD7D000A73A5D /* TipCalc */;
			targetProxy = E41F3A3723CFD7D300A73A5D /* PBXContainerItemProxy */;
		};
		E41F3A4323CFD7D300A73A5D /* PBXTargetDependency */ = {
			isa = PBXTargetDependency;
			target = E41F3A1F23CFD7D000A73A5D /* TipCalc */;
			targetProxy = E41F3A4223CFD7D300A73A5D /* PBXContainerItemProxy */;
		};
/* End PBXTargetDependency section */

/* Begin PBXVariantGroup section */
		E41F3A2923CFD7D000A73A5D /* Main.storyboard */ = {
			isa = PBXVariantGroup;
			children = (
				E41F3A2A23CFD7D000A73A5D /* Base */,
			);
			name = Main.storyboard;
			sourceTree = "<group>";
		};
		E41F3A2E23CFD7D300A73A5D /* LaunchScreen.storyboard */ = {
			isa = PBXVariantGroup;
			children = (
				E41F3A2F23CFD7D300A73A5D /* Base */,
			);
			name = LaunchScreen.storyboard;
			sourceTree = "<group>";
		};
/* End PBXVariantGroup section */

/* Begin XCBuildConfiguration section */
		E41F3A4823CFD7D300A73A5D /* Debug */ = {
			isa = XCBuildConfiguration;
			buildSettings = {
				ALWAYS_SEARCH_USER_PATHS = NO;
				CLANG_ANALYZER_NONNULL = YES;
				CLANG_ANALYZER_NUMBER_OBJECT_CONVERSION = YES_AGGRESSIVE;
				CLANG_CXX_LANGUAGE_STANDARD = "gnu++14";
				CLANG_CXX_LIBRARY = "libc++";
				CLANG_ENABLE_MODULES = YES;
				CLANG_ENABLE_OBJC_ARC = YES;
				CLANG_ENABLE_OBJC_WEAK = YES;
				CLANG_WARN_BLOCK_CAPTURE_AUTORELEASING = YES;
				CLANG_WARN_BOOL_CONVERSION = YES;
				CLANG_WARN_COMMA = YES;
				CLANG_WARN_CONSTANT_CONVERSION = YES;
				CLANG_WARN_DEPRECATED_OBJC_IMPLEMENTATIONS = YES;
				CLANG_WARN_DIRECT_OBJC_ISA_USAGE = YES_ERROR;
				CLANG_WARN_DOCUMENTATION_COMMENTS = YES;
				CLANG_WARN_EMPTY_BODY = YES;
				CLANG_WARN_ENUM_CONVERSION = YES;
				CLANG_WARN_INFINITE_RECURSION = YES;
				CLANG_WARN_INT_CONVERSION = YES;
				CLANG_WARN_NON_LITERAL_NULL_CONVERSION = YES;
				CLANG_WARN_OBJC_IMPLICIT_RETAIN_SELF = YES;
				CLANG_WARN_OBJC_LITERAL_CONVERSION = YES;
				CLANG_WARN_OBJC_ROOT_CLASS = YES_ERROR;
				CLANG_WARN_RANGE_LOOP_ANALYSIS = YES;
				CLANG_WARN_STRICT_PROTOTYPES = YES;
				CLANG_WARN_SUSPICIOUS_MOVE = YES;
				CLANG_WARN_UNGUARDED_AVAILABILITY = YES_AGGRESSIVE;
				CLANG_WARN_UNREACHABLE_CODE = YES;
				CLANG_WARN__DUPLICATE_METHOD_MATCH = YES;
				COPY_PHASE_STRIP = NO;
				DEBUG_INFORMATION_FORMAT = dwarf;
				ENABLE_STRICT_OBJC_MSGSEND = YES;
				ENABLE_TESTABILITY = YES;
				GCC_C_LANGUAGE_STANDARD = gnu11;
				GCC_DYNAMIC_NO_PIC = NO;
				GCC_NO_COMMON_BLOCKS = YES;
				GCC_OPTIMIZATION_LEVEL = 0;
				GCC_PREPROCESSOR_DEFINITIONS = (
					"DEBUG=1",
					"$(inherited)",
				);
				GCC_WARN_64_TO_32_BIT_CONVERSION = YES;
				GCC_WARN_ABOUT_RETURN_TYPE = YES_ERROR;
				GCC_WARN_UNDECLARED_SELECTOR = YES;
				GCC_WARN_UNINITIALIZED_AUTOS = YES_AGGRESSIVE;
				GCC_WARN_UNUSED_FUNCTION = YES;
				GCC_WARN_UNUSED_VARIABLE = YES;
				IPHONEOS_DEPLOYMENT_TARGET = 13.2;
				MTL_ENABLE_DEBUG_INFO = INCLUDE_SOURCE;
				MTL_FAST_MATH = YES;
				ONLY_ACTIVE_ARCH = YES;
				SDKROOT = iphoneos;
				SWIFT_ACTIVE_COMPILATION_CONDITIONS = DEBUG;
				SWIFT_OPTIMIZATION_LEVEL = "-Onone";
			};
			name = Debug;
		};
		E41F3A4923CFD7D300A73A5D /* Release */ = {
			isa = XCBuildConfiguration;
			buildSettings = {
				ALWAYS_SEARCH_USER_PATHS = NO;
				CLANG_ANALYZER_NONNULL = YES;
				CLANG_ANALYZER_NUMBER_OBJECT_CONVERSION = YES_AGGRESSIVE;
				CLANG_CXX_LANGUAGE_STANDARD = "gnu++14";
				CLANG_CXX_LIBRARY = "libc++";
				CLANG_ENABLE_MODULES = YES;
				CLANG_ENABLE_OBJC_ARC = YES;
				CLANG_ENABLE_OBJC_WEAK = YES;
				CLANG_WARN_BLOCK_CAPTURE_AUTORELEASING = YES;
				CLANG_WARN_BOOL_CONVERSION = YES;
				CLANG_WARN_COMMA = YES;
				CLANG_WARN_CONSTANT_CONVERSION = YES;
				CLANG_WARN_DEPRECATED_OBJC_IMPLEMENTATIONS = YES;
				CLANG_WARN_DIRECT_OBJC_ISA_USAGE = YES_ERROR;
				CLANG_WARN_DOCUMENTATION_COMMENTS = YES;
				CLANG_WARN_EMPTY_BODY = YES;
				CLANG_WARN_ENUM_CONVERSION = YES;
				CLANG_WARN_INFINITE_RECURSION = YES;
				CLANG_WARN_INT_CONVERSION = YES;
				CLANG_WARN_NON_LITERAL_NULL_CONVERSION = YES;
				CLANG_WARN_OBJC_IMPLICIT_RETAIN_SELF = YES;
				CLANG_WARN_OBJC_LITERAL_CONVERSION = YES;
				CLANG_WARN_OBJC_ROOT_CLASS = YES_ERROR;
				CLANG_WARN_RANGE_LOOP_ANALYSIS = YES;
				CLANG_WARN_STRICT_PROTOTYPES = YES;
				CLANG_WARN_SUSPICIOUS_MOVE = YES;
				CLANG_WARN_UNGUARDED_AVAILABILITY = YES_AGGRESSIVE;
				CLANG_WARN_UNREACHABLE_CODE = YES;
				CLANG_WARN__DUPLICATE_METHOD_MATCH = YES;
				COPY_PHASE_STRIP = NO;
				DEBUG_INFORMATION_FORMAT = "dwarf-with-dsym";
				ENABLE_NS_ASSERTIONS = NO;
				ENABLE_STRICT_OBJC_MSGSEND = YES;
				GCC_C_LANGUAGE_STANDARD = gnu11;
				GCC_NO_COMMON_BLOCKS = YES;
				GCC_WARN_64_TO_32_BIT_CONVERSION = YES;
				GCC_WARN_ABOUT_RETURN_TYPE = YES_ERROR;
				GCC_WARN_UNDECLARED_SELECTOR = YES;
				GCC_WARN_UNINITIALIZED_AUTOS = YES_AGGRESSIVE;
				GCC_WARN_UNUSED_FUNCTION = YES;
				GCC_WARN_UNUSED_VARIABLE = YES;
				IPHONEOS_DEPLOYMENT_TARGET = 13.2;
				MTL_ENABLE_DEBUG_INFO = NO;
				MTL_FAST_MATH = YES;
				SDKROOT = iphoneos;
				SWIFT_COMPILATION_MODE = wholemodule;
				SWIFT_OPTIMIZATION_LEVEL = "-O";
				VALIDATE_PRODUCT = YES;
			};
			name = Release;
		};
		E41F3A4B23CFD7D300A73A5D /* Debug */ = {
			isa = XCBuildConfiguration;
			buildSettings = {
				ASSETCATALOG_COMPILER_APPICON_NAME = AppIcon;
				CODE_SIGN_ENTITLEMENTS = TipCalc/TipCalc.entitlements;
				CODE_SIGN_STYLE = Automatic;
				DERIVE_MACCATALYST_PRODUCT_BUNDLE_IDENTIFIER = YES;
				DEVELOPMENT_TEAM = Y6VJVA9LC5;
				INFOPLIST_FILE = TipCalc/Info.plist;
				LD_RUNPATH_SEARCH_PATHS = (
					"$(inherited)",
					"@executable_path/Frameworks",
				);
				PRODUCT_BUNDLE_IDENTIFIER = com.kedarabhyankar.TipCalc;
				PRODUCT_NAME = "$(TARGET_NAME)";
				SUPPORTS_MACCATALYST = YES;
				SWIFT_VERSION = 5.0;
				TARGETED_DEVICE_FAMILY = "1,2";
			};
			name = Debug;
		};
		E41F3A4C23CFD7D300A73A5D /* Release */ = {
			isa = XCBuildConfiguration;
			buildSettings = {
				ASSETCATALOG_COMPILER_APPICON_NAME = AppIcon;
				CODE_SIGN_ENTITLEMENTS = TipCalc/TipCalc.entitlements;
				CODE_SIGN_STYLE = Automatic;
				DERIVE_MACCATALYST_PRODUCT_BUNDLE_IDENTIFIER = YES;
				DEVELOPMENT_TEAM = Y6VJVA9LC5;
				INFOPLIST_FILE = TipCalc/Info.plist;
				LD_RUNPATH_SEARCH_PATHS = (
					"$(inherited)",
					"@executable_path/Frameworks",
				);
				PRODUCT_BUNDLE_IDENTIFIER = com.kedarabhyankar.TipCalc;
				PRODUCT_NAME = "$(TARGET_NAME)";
				SUPPORTS_MACCATALYST = YES;
				SWIFT_VERSION = 5.0;
				TARGETED_DEVICE_FAMILY = "1,2";
			};
			name = Release;
		};
		E41F3A4E23CFD7D300A73A5D /* Debug */ = {
			isa = XCBuildConfiguration;
			buildSettings = {
				ALWAYS_EMBED_SWIFT_STANDARD_LIBRARIES = YES;
				BUNDLE_LOADER = "$(TEST_HOST)";
				CODE_SIGN_STYLE = Automatic;
				DEVELOPMENT_TEAM = Y6VJVA9LC5;
				INFOPLIST_FILE = TipCalcTests/Info.plist;
				IPHONEOS_DEPLOYMENT_TARGET = 13.2;
				LD_RUNPATH_SEARCH_PATHS = (
					"$(inherited)",
					"@executable_path/Frameworks",
					"@loader_path/Frameworks",
				);
				PRODUCT_BUNDLE_IDENTIFIER = com.kedarabhyankar.TipCalcTests;
				PRODUCT_NAME = "$(TARGET_NAME)";
				SWIFT_VERSION = 5.0;
				TARGETED_DEVICE_FAMILY = "1,2";
				TEST_HOST = "$(BUILT_PRODUCTS_DIR)/TipCalc.app/TipCalc";
			};
			name = Debug;
		};
		E41F3A4F23CFD7D300A73A5D /* Release */ = {
			isa = XCBuildConfiguration;
			buildSettings = {
				ALWAYS_EMBED_SWIFT_STANDARD_LIBRARIES = YES;
				BUNDLE_LOADER = "$(TEST_HOST)";
				CODE_SIGN_STYLE = Automatic;
				DEVELOPMENT_TEAM = Y6VJVA9LC5;
				INFOPLIST_FILE = TipCalcTests/Info.plist;
				IPHONEOS_DEPLOYMENT_TARGET = 13.2;
				LD_RUNPATH_SEARCH_PATHS = (
					"$(inherited)",
					"@executable_path/Frameworks",
					"@loader_path/Frameworks",
				);
				PRODUCT_BUNDLE_IDENTIFIER = com.kedarabhyankar.TipCalcTests;
				PRODUCT_NAME = "$(TARGET_NAME)";
				SWIFT_VERSION = 5.0;
				TARGETED_DEVICE_FAMILY = "1,2";
				TEST_HOST = "$(BUILT_PRODUCTS_DIR)/TipCalc.app/TipCalc";
			};
			name = Release;
		};
		E41F3A5123CFD7D300A73A5D /* Debug */ = {
			isa = XCBuildConfiguration;
			buildSettings = {
				ALWAYS_EMBED_SWIFT_STANDARD_LIBRARIES = YES;
				CODE_SIGN_STYLE = Automatic;
				DEVELOPMENT_TEAM = Y6VJVA9LC5;
				INFOPLIST_FILE = TipCalcUITests/Info.plist;
				LD_RUNPATH_SEARCH_PATHS = (
					"$(inherited)",
					"@executable_path/Frameworks",
					"@loader_path/Frameworks",
				);
				PRODUCT_BUNDLE_IDENTIFIER = com.kedarabhyankar.TipCalcUITests;
				PRODUCT_NAME = "$(TARGET_NAME)";
				SWIFT_VERSION = 5.0;
				TARGETED_DEVICE_FAMILY = "1,2";
				TEST_TARGET_NAME = TipCalc;
			};
			name = Debug;
		};
		E41F3A5223CFD7D300A73A5D /* Release */ = {
			isa = XCBuildConfiguration;
			buildSettings = {
				ALWAYS_EMBED_SWIFT_STANDARD_LIBRARIES = YES;
				CODE_SIGN_STYLE = Automatic;
				DEVELOPMENT_TEAM = Y6VJVA9LC5;
				INFOPLIST_FILE = TipCalcUITests/Info.plist;
				LD_RUNPATH_SEARCH_PATHS = (
					"$(inherited)",
					"@executable_path/Frameworks",
					"@loader_path/Frameworks",
				);
				PRODUCT_BUNDLE_IDENTIFIER = com.kedarabhyankar.TipCalcUITests;
				PRODUCT_NAME = "$(TARGET_NAME)";
				SWIFT_VERSION = 5.0;
				TARGETED_DEVICE_FAMILY = "1,2";
				TEST_TARGET_NAME = TipCalc;
			};
			name = Release;
		};
/* End XCBuildConfiguration section */

/* Begin XCConfigurationList section */
		E41F3A1B23CFD7D000A73A5D /* Build configuration list for PBXProject "TipCalc" */ = {
			isa = XCConfigurationList;
			buildConfigurations = (
				E41F3A4823CFD7D300A73A5D /* Debug */,
				E41F3A4923CFD7D300A73A5D /* Release */,
			);
			defaultConfigurationIsVisible = 0;
			defaultConfigurationName = Release;
		};
		E41F3A4A23CFD7D300A73A5D /* Build configuration list for PBXNativeTarget "TipCalc" */ = {
			isa = XCConfigurationList;
			buildConfigurations = (
				E41F3A4B23CFD7D300A73A5D /* Debug */,
				E41F3A4C23CFD7D300A73A5D /* Release */,
			);
			defaultConfigurationIsVisible = 0;
			defaultConfigurationName = Release;
		};
		E41F3A4D23CFD7D300A73A5D /* Build configuration list for PBXNativeTarget "TipCalcTests" */ = {
			isa = XCConfigurationList;
			buildConfigurations = (
				E41F3A4E23CFD7D300A73A5D /* Debug */,
				E41F3A4F23CFD7D300A73A5D /* Release */,
			);
			defaultConfigurationIsVisible = 0;
			defaultConfigurationName = Release;
		};
		E41F3A5023CFD7D300A73A5D /* Build configuration list for PBXNativeTarget "TipCalcUITests" */ = {
			isa = XCConfigurationList;
			buildConfigurations = (
				E41F3A5123CFD7D300A73A5D /* Debug */,
				E41F3A5223CFD7D300A73A5D /* Release */,
			);
			defaultConfigurationIsVisible = 0;
			defaultConfigurationName = Release;
		};
/* End XCConfigurationList section */
	};
	rootObject = E41F3A1823CFD7D000A73A5D /* Project object */;
}
